
Microsoft Visual Studio Solution File, Format Version 11.00
# Visual Studio 2010
Project("{F184B08F-C81C-45F6-A57F-5ABD9991F28F}") = "PL", "PL\PL.vbproj", "{9C56A45E-BBB0-4EC8-B0CE-E825A2D26DD0}"
EndProject
Project("{F184B08F-C81C-45F6-A57F-5ABD9991F28F}") = "BLL", "BLL\BLL.vbproj", "{8FC9A48B-5ACC-4613-9DF9-6AB3A579665E}"
EndProject
Global
	GlobalSection(SolutionConfigurationPlatforms) = preSolution
		Debug|Any CPU = Debug|Any CPU
		Debug|Mixed Platforms = Debug|Mixed Platforms
		Debug|x86 = Debug|x86
		Release|Any CPU = Release|Any CPU
		Release|Mixed Platforms = Release|Mixed Platforms
		Release|x86 = Release|x86
	EndGlobalSection
	GlobalSection(ProjectConfigurationPlatforms) = postSolution
		{9C56A45E-BBB0-4EC8-B0CE-E825A2D26DD0}.Debug|Any CPU.ActiveCfg = Debug|x86
		{9C56A45E-BBB0-4EC8-B0CE-E825A2D26DD0}.Debug|Mixed Platforms.ActiveCfg = Debug|x86
		{9C56A45E-BBB0-4EC8-B0CE-E825A2D26DD0}.Debug|Mixed Platforms.Build.0 = Debug|x86
		{9C56A45E-BBB0-4EC8-B0CE-E825A2D26DD0}.Debug|x86.ActiveCfg = Debug|x86
		{9C56A45E-BBB0-4EC8-B0CE-E825A2D26DD0}.Debug|x86.Build.0 = Debug|x86
		{9C56A45E-BBB0-4EC8-B0CE-E825A2D26DD0}.Release|Any CPU.ActiveCfg = Release|x86
		{9C56A45E-BBB0-4EC8-B0CE-E825A2D26DD0}.Release|Mixed Platforms.ActiveCfg = Release|x86
		{9C56A45E-BBB0-4EC8-B0CE-E825A2D26DD0}.Release|Mixed Platforms.Build.0 = Release|x86
		{9C56A45E-BBB0-4EC8-B0CE-E825A2D26DD0}.Release|x86.ActiveCfg = Release|x86
		{9C56A45E-BBB0-4EC8-B0CE-E825A2D26DD0}.Release|x86.Build.0 = Release|x86
		{8FC9A48B-5ACC-4613-9DF9-6AB3A579665E}.Debug|Any CPU.ActiveCfg = Debug|Any CPU
		{8FC9A48B-5ACC-4613-9DF9-6AB3A579665E}.Debug|Any CPU.Build.0 = Debug|Any CPU
		{8FC9A48B-5ACC-4613-9DF9-6AB3A579665E}.Debug|Mixed Platforms.ActiveCfg = Debug|Any CPU
		{8FC9A48B-5ACC-4613-9DF9-6AB3A579665E}.Debug|Mixed Platforms.Build.0 = Debug|Any CPU
		{8FC9A48B-5ACC-4613-9DF9-6AB3A579665E}.Debug|x86.ActiveCfg = Debug|Any CPU
		{8FC9A48B-5ACC-4613-9DF9-6AB3A579665E}.Release|Any CPU.ActiveCfg = Release|Any CPU
		{8FC9A48B-5ACC-4613-9DF9-6AB3A579665E}.Release|Any CPU.Build.0 = Release|Any CPU
		{8FC9A48B-5ACC-4613-9DF9-6AB3A579665E}.Release|Mixed Platforms.ActiveCfg = Release|Any CPU
		{8FC9A48B-5ACC-4613-9DF9-6AB3A579665E}.Release|Mixed Platforms.Build.0 = Release|Any CPU
		{8FC9A48B-5ACC-4613-9DF9-6AB3A579665E}.Release|x86.ActiveCfg = Release|Any CPU
	EndGlobalSection
	GlobalSection(SolutionProperties) = preSolution
		HideSolutionNode = FALSE
	EndGlobalSection
EndGlobal
